
Microsoft Visual Studio Solution File, Format Version 12.00
# Visual Studio Version 16
VisualStudioVersion = 16.0.31105.61
MinimumVisualStudioVersion = 10.0.40219.1
Project("{FAE04EC0-301F-11D3-BF4B-00C04F79EFBC}") = "App", "App.csproj", "{29DB52C2-D850-4ACF-9C8A-39F770D3513F}"
EndProject
Global
	GlobalSection(SolutionConfigurationPlatforms) = preSolution
		Debug|ARM = Debug|ARM
		Debug|ARM64 = Debug|ARM64
		Debug|x64 = Debug|x64
		Debug|x86 = Debug|x86
		Release|ARM = Release|ARM
		Release|ARM64 = Release|ARM64
		Release|x64 = Release|x64
		Release|x86 = Release|x86
	EndGlobalSection
	GlobalSection(ProjectConfigurationPlatforms) = postSolution
		{29DB52C2-D850-4ACF-9C8A-39F770D3513F}.Debug|ARM.ActiveCfg = Debug|ARM
		{29DB52C2-D850-4ACF-9C8A-39F770D3513F}.Debug|ARM.Build.0 = Debug|ARM
		{29DB52C2-D850-4ACF-9C8A-39F770D3513F}.Debug|ARM.Deploy.0 = Debug|ARM
		{29DB52C2-D850-4ACF-9C8A-39F770D3513F}.Debug|ARM64.ActiveCfg = Debug|ARM64
		{29DB52C2-D850-4ACF-9C8A-39F770D3513F}.Debug|ARM64.Build.0 = Debug|ARM64
		{29DB52C2-D850-4ACF-9C8A-39F770D3513F}.Debug|ARM64.Deploy.0 = Debug|ARM64
		{29DB52C2-D850-4ACF-9C8A-39F770D3513F}.Debug|x64.ActiveCfg = Debug|x64
		{29DB52C2-D850-4ACF-9C8A-39F770D3513F}.Debug|x64.Build.0 = Debug|x64
		{29DB52C2-D850-4ACF-9C8A-39F770D3513F}.Debug|x64.Deploy.0 = Debug|x64
		{29DB52C2-D850-4ACF-9C8A-39F770D3513F}.Debug|x86.ActiveCfg = Debug|x86
		{29DB52C2-D850-4ACF-9C8A-39F770D3513F}.Debug|x86.Build.0 = Debug|x86
		{29DB52C2-D850-4ACF-9C8A-39F770D3513F}.Debug|x86.Deploy.0 = Debug|x86
		{29DB52C2-D850-4ACF-9C8A-39F770D3513F}.Release|ARM.ActiveCfg = Release|ARM
		{29DB52C2-D850-4ACF-9C8A-39F770D3513F}.Release|ARM.Build.0 = Release|ARM
		{29DB52C2-D850-4ACF-9C8A-39F770D3513F}.Release|ARM.Deploy.0 = Release|ARM
		{29DB52C2-D850-4ACF-9C8A-39F770D3513F}.Release|ARM64.ActiveCfg = Release|ARM64
		{29DB52C2-D850-4ACF-9C8A-39F770D3513F}.Release|ARM64.Build.0 = Release|ARM64
		{29DB52C2-D850-4ACF-9C8A-39F770D3513F}.Release|ARM64.Deploy.0 = Release|ARM64
		{29DB52C2-D850-4ACF-9C8A-39F770D3513F}.Release|x64.ActiveCfg = Release|x64
		{29DB52C2-D850-4ACF-9C8A-39F770D3513F}.Release|x64.Build.0 = Release|x64
		{29DB52C2-D850-4ACF-9C8A-39F770D3513F}.Release|x64.Deploy.0 = Release|x64
		{29DB52C2-D850-4ACF-9C8A-39F770D3513F}.Release|x86.ActiveCfg = Release|x86
		{29DB52C2-D850-4ACF-9C8A-39F770D3513F}.Release|x86.Build.0 = Release|x86
		{29DB52C2-D850-4ACF-9C8A-39F770D3513F}.Release|x86.Deploy.0 = Release|x86
	EndGlobalSection
	GlobalSection(SolutionProperties) = preSolution
		HideSolutionNode = FALSE
	EndGlobalSection
	GlobalSection(ExtensibilityGlobals) = postSolution
		SolutionGuid = {38499963-7C56-43FF-9DCF-8FC4625C7580}
	EndGlobalSection
EndGlobal
