
Microsoft Visual Studio Solution File, Format Version 12.00
# Visual Studio Version 16
VisualStudioVersion = 16.0.31112.23
MinimumVisualStudioVersion = 10.0.40219.1
Project("{FAE04EC0-301F-11D3-BF4B-00C04F79EFBC}") = "WindowsFormsAppForDataGridView1", "WindowsFormsAppForDataGridView1\WindowsFormsAppForDataGridView1.csproj", "{6795822B-D60E-4DDC-923F-CBF2DB65D477}"
EndProject
Global
	GlobalSection(SolutionConfigurationPlatforms) = preSolution
		Debug|Any CPU = Debug|Any CPU
		Release|Any CPU = Release|Any CPU
	EndGlobalSection
	GlobalSection(ProjectConfigurationPlatforms) = postSolution
		{6795822B-D60E-4DDC-923F-CBF2DB65D477}.Debug|Any CPU.ActiveCfg = Debug|Any CPU
		{6795822B-D60E-4DDC-923F-CBF2DB65D477}.Debug|Any CPU.Build.0 = Debug|Any CPU
		{6795822B-D60E-4DDC-923F-CBF2DB65D477}.Release|Any CPU.ActiveCfg = Release|Any CPU
		{6795822B-D60E-4DDC-923F-CBF2DB65D477}.Release|Any CPU.Build.0 = Release|Any CPU
	EndGlobalSection
	GlobalSection(SolutionProperties) = preSolution
		HideSolutionNode = FALSE
	EndGlobalSection
	GlobalSection(ExtensibilityGlobals) = postSolution
		SolutionGuid = {12CE519F-C6A4-4C6E-B542-032D7C7DEEC4}
	EndGlobalSection
EndGlobal
