
Microsoft Visual Studio Solution File, Format Version 12.00
# Visual Studio Version 16
VisualStudioVersion = 16.0.31105.61
MinimumVisualStudioVersion = 10.0.40219.1
Project("{FAE04EC0-301F-11D3-BF4B-00C04F79EFBC}") = "GUI_WinForms_Misc", "GUI_WinForms_Misc\GUI_WinForms_Misc.csproj", "{27FCC5A7-58D4-4C25-AFA2-941156F74F4A}"
EndProject
Global
	GlobalSection(SolutionConfigurationPlatforms) = preSolution
		Debug|Any CPU = Debug|Any CPU
		Release|Any CPU = Release|Any CPU
	EndGlobalSection
	GlobalSection(ProjectConfigurationPlatforms) = postSolution
		{27FCC5A7-58D4-4C25-AFA2-941156F74F4A}.Debug|Any CPU.ActiveCfg = Debug|Any CPU
		{27FCC5A7-58D4-4C25-AFA2-941156F74F4A}.Debug|Any CPU.Build.0 = Debug|Any CPU
		{27FCC5A7-58D4-4C25-AFA2-941156F74F4A}.Release|Any CPU.ActiveCfg = Release|Any CPU
		{27FCC5A7-58D4-4C25-AFA2-941156F74F4A}.Release|Any CPU.Build.0 = Release|Any CPU
	EndGlobalSection
	GlobalSection(SolutionProperties) = preSolution
		HideSolutionNode = FALSE
	EndGlobalSection
	GlobalSection(ExtensibilityGlobals) = postSolution
		SolutionGuid = {3DA8CB4C-AC3C-4E97-A165-9E9DBD7C3E20}
	EndGlobalSection
EndGlobal
