
Microsoft Visual Studio Solution File, Format Version 12.00
# Visual Studio Version 16
VisualStudioVersion = 16.0.31129.286
MinimumVisualStudioVersion = 10.0.40219.1
Project("{FAE04EC0-301F-11D3-BF4B-00C04F79EFBC}") = "InteropTest10", "InteropTest10\InteropTest10.csproj", "{DB551B2E-1D23-4F53-AF45-C852C1C52D4B}"
	ProjectSection(ProjectDependencies) = postProject
		{929D6FDB-75FA-452F-AF8C-A9C1F6A05648} = {929D6FDB-75FA-452F-AF8C-A9C1F6A05648}
	EndProjectSection
EndProject
Project("{8BC9CEB8-8B4A-11D0-8D11-00A0C91BC942}") = "InteropDll1", "InteropDll1\InteropDll1.vcxproj", "{929D6FDB-75FA-452F-AF8C-A9C1F6A05648}"
EndProject
Project("{8BC9CEB8-8B4A-11D0-8D11-00A0C91BC942}") = "PInvokeDll2", "PInvokeDll2\PInvokeDll2.vcxproj", "{FCFF7BF3-834F-4BDC-B96D-2A9CF30C0B3E}"
EndProject
Global
	GlobalSection(SolutionConfigurationPlatforms) = preSolution
		Debug|Any CPU = Debug|Any CPU
		Debug|x64 = Debug|x64
		Debug|x86 = Debug|x86
		Release|Any CPU = Release|Any CPU
		Release|x64 = Release|x64
		Release|x86 = Release|x86
	EndGlobalSection
	GlobalSection(ProjectConfigurationPlatforms) = postSolution
		{DB551B2E-1D23-4F53-AF45-C852C1C52D4B}.Debug|Any CPU.ActiveCfg = Debug|Any CPU
		{DB551B2E-1D23-4F53-AF45-C852C1C52D4B}.Debug|Any CPU.Build.0 = Debug|Any CPU
		{DB551B2E-1D23-4F53-AF45-C852C1C52D4B}.Debug|x64.ActiveCfg = Debug|Any CPU
		{DB551B2E-1D23-4F53-AF45-C852C1C52D4B}.Debug|x64.Build.0 = Debug|Any CPU
		{DB551B2E-1D23-4F53-AF45-C852C1C52D4B}.Debug|x86.ActiveCfg = Debug|Any CPU
		{DB551B2E-1D23-4F53-AF45-C852C1C52D4B}.Debug|x86.Build.0 = Debug|Any CPU
		{DB551B2E-1D23-4F53-AF45-C852C1C52D4B}.Release|Any CPU.ActiveCfg = Release|Any CPU
		{DB551B2E-1D23-4F53-AF45-C852C1C52D4B}.Release|Any CPU.Build.0 = Release|Any CPU
		{DB551B2E-1D23-4F53-AF45-C852C1C52D4B}.Release|x64.ActiveCfg = Release|Any CPU
		{DB551B2E-1D23-4F53-AF45-C852C1C52D4B}.Release|x64.Build.0 = Release|Any CPU
		{DB551B2E-1D23-4F53-AF45-C852C1C52D4B}.Release|x86.ActiveCfg = Release|Any CPU
		{DB551B2E-1D23-4F53-AF45-C852C1C52D4B}.Release|x86.Build.0 = Release|Any CPU
		{929D6FDB-75FA-452F-AF8C-A9C1F6A05648}.Debug|Any CPU.ActiveCfg = Debug|Win32
		{929D6FDB-75FA-452F-AF8C-A9C1F6A05648}.Debug|x64.ActiveCfg = Debug|x64
		{929D6FDB-75FA-452F-AF8C-A9C1F6A05648}.Debug|x64.Build.0 = Debug|x64
		{929D6FDB-75FA-452F-AF8C-A9C1F6A05648}.Debug|x86.ActiveCfg = Debug|Win32
		{929D6FDB-75FA-452F-AF8C-A9C1F6A05648}.Debug|x86.Build.0 = Debug|Win32
		{929D6FDB-75FA-452F-AF8C-A9C1F6A05648}.Release|Any CPU.ActiveCfg = Release|Win32
		{929D6FDB-75FA-452F-AF8C-A9C1F6A05648}.Release|x64.ActiveCfg = Release|x64
		{929D6FDB-75FA-452F-AF8C-A9C1F6A05648}.Release|x64.Build.0 = Release|x64
		{929D6FDB-75FA-452F-AF8C-A9C1F6A05648}.Release|x86.ActiveCfg = Release|Win32
		{929D6FDB-75FA-452F-AF8C-A9C1F6A05648}.Release|x86.Build.0 = Release|Win32
		{FCFF7BF3-834F-4BDC-B96D-2A9CF30C0B3E}.Debug|Any CPU.ActiveCfg = Debug|Win32
		{FCFF7BF3-834F-4BDC-B96D-2A9CF30C0B3E}.Debug|x64.ActiveCfg = Debug|x64
		{FCFF7BF3-834F-4BDC-B96D-2A9CF30C0B3E}.Debug|x64.Build.0 = Debug|x64
		{FCFF7BF3-834F-4BDC-B96D-2A9CF30C0B3E}.Debug|x86.ActiveCfg = Debug|Win32
		{FCFF7BF3-834F-4BDC-B96D-2A9CF30C0B3E}.Debug|x86.Build.0 = Debug|Win32
		{FCFF7BF3-834F-4BDC-B96D-2A9CF30C0B3E}.Release|Any CPU.ActiveCfg = Release|Win32
		{FCFF7BF3-834F-4BDC-B96D-2A9CF30C0B3E}.Release|x64.ActiveCfg = Release|x64
		{FCFF7BF3-834F-4BDC-B96D-2A9CF30C0B3E}.Release|x64.Build.0 = Release|x64
		{FCFF7BF3-834F-4BDC-B96D-2A9CF30C0B3E}.Release|x86.ActiveCfg = Release|Win32
		{FCFF7BF3-834F-4BDC-B96D-2A9CF30C0B3E}.Release|x86.Build.0 = Release|Win32
	EndGlobalSection
	GlobalSection(SolutionProperties) = preSolution
		HideSolutionNode = FALSE
	EndGlobalSection
	GlobalSection(ExtensibilityGlobals) = postSolution
		SolutionGuid = {B150B17B-3366-4F58-84FE-B74C522D3EE3}
	EndGlobalSection
EndGlobal
